
Microsoft Visual Studio Solution File, Format Version 12.00
# Visual Studio Version 17
VisualStudioVersion = 17.0.31912.275
MinimumVisualStudioVersion = 10.0.40219.1
Project("{2150E333-8FDC-42A3-9474-1A3956D46DE8}") = "Solution Items", "Solution Items", "{DD5500D1-697C-49C5-8517-8BE141A6D7DB}"
	ProjectSection(SolutionItems) = preProject
		.gitignore = .gitignore
		LICENSE = LICENSE
		README.md = README.md
	EndProjectSection
EndProject
Project("{9A19103F-16F7-4668-BE54-9A1E7A4F7556}") = "Our.Umbraco.GMaps", "Our.Umbraco.GMaps\Our.Umbraco.GMaps.csproj", "{D92FFD8F-3F4D-449F-BAAB-054C22E7E781}"
EndProject
Project("{9A19103F-16F7-4668-BE54-9A1E7A4F7556}") = "Our.Umbraco.GMaps.Core", "Our.Umbraco.GMaps.Core\Our.Umbraco.GMaps.Core.csproj", "{3EFBE46F-B8B0-467C-8787-82D646DDC84E}"
EndProject
Project("{2150E333-8FDC-42A3-9474-1A3956D46DE8}") = "GitHub", "GitHub", "{8EC9B5D0-642D-4B70-9DDC-A0E9FB6F14A6}"
	ProjectSection(SolutionItems) = preProject
		.github\workflows\build.yml = .github\workflows\build.yml
		.github\workflows\release.yml = .github\workflows\release.yml
	EndProjectSection
EndProject
Project("{2150E333-8FDC-42A3-9474-1A3956D46DE8}") = "Demo Sites", "Demo Sites", "{A50C0C52-6F7C-4AB9-AA28-AFC4FDAE4334}"
EndProject
Project("{FAE04EC0-301F-11D3-BF4B-00C04F79EFBC}") = "Our.Umbraco.GMaps.UmbracoV16", "Our.Umbraco.GMaps.UmbracoV16\Our.Umbraco.GMaps.UmbracoV16.csproj", "{8788961C-F23A-32D9-3E78-AE9B490346CB}"
EndProject
Global
	GlobalSection(SolutionConfigurationPlatforms) = preSolution
		Debug|Any CPU = Debug|Any CPU
		Release|Any CPU = Release|Any CPU
	EndGlobalSection
	GlobalSection(ProjectConfigurationPlatforms) = postSolution
		{D92FFD8F-3F4D-449F-BAAB-054C22E7E781}.Debug|Any CPU.ActiveCfg = Debug|Any CPU
		{D92FFD8F-3F4D-449F-BAAB-054C22E7E781}.Debug|Any CPU.Build.0 = Debug|Any CPU
		{D92FFD8F-3F4D-449F-BAAB-054C22E7E781}.Release|Any CPU.ActiveCfg = Release|Any CPU
		{D92FFD8F-3F4D-449F-BAAB-054C22E7E781}.Release|Any CPU.Build.0 = Release|Any CPU
		{3EFBE46F-B8B0-467C-8787-82D646DDC84E}.Debug|Any CPU.ActiveCfg = Debug|Any CPU
		{3EFBE46F-B8B0-467C-8787-82D646DDC84E}.Debug|Any CPU.Build.0 = Debug|Any CPU
		{3EFBE46F-B8B0-467C-8787-82D646DDC84E}.Release|Any CPU.ActiveCfg = Release|Any CPU
		{3EFBE46F-B8B0-467C-8787-82D646DDC84E}.Release|Any CPU.Build.0 = Release|Any CPU
		{8788961C-F23A-32D9-3E78-AE9B490346CB}.Debug|Any CPU.ActiveCfg = Debug|Any CPU
		{8788961C-F23A-32D9-3E78-AE9B490346CB}.Debug|Any CPU.Build.0 = Debug|Any CPU
		{8788961C-F23A-32D9-3E78-AE9B490346CB}.Release|Any CPU.ActiveCfg = Release|Any CPU
		{8788961C-F23A-32D9-3E78-AE9B490346CB}.Release|Any CPU.Build.0 = Release|Any CPU
	EndGlobalSection
	GlobalSection(SolutionProperties) = preSolution
		HideSolutionNode = FALSE
	EndGlobalSection
	GlobalSection(NestedProjects) = preSolution
		{8EC9B5D0-642D-4B70-9DDC-A0E9FB6F14A6} = {DD5500D1-697C-49C5-8517-8BE141A6D7DB}
		{8788961C-F23A-32D9-3E78-AE9B490346CB} = {A50C0C52-6F7C-4AB9-AA28-AFC4FDAE4334}
	EndGlobalSection
	GlobalSection(ExtensibilityGlobals) = postSolution
		SolutionGuid = {F66CF0AE-70DE-4CE2-BE50-91516A710B04}
	EndGlobalSection
EndGlobal
