<Solution>
  <Folder Name="/Demo Sites/">
    <Project Path="Our.Umbraco.GMaps.UmbracoV17/Our.Umbraco.GMaps.UmbracoV17.csproj" />
    <Project Path="Our.Umbraco.GMaps.UmbracoV18/Our.Umbraco.GMaps.UmbracoV18.csproj" />
  </Folder>
  <Folder Name="/Package/">
    <Project Path="Our.Umbraco.GMaps/Our.Umbraco.GMaps.csproj" />
    <Project Path="Our.Umbraco.GMaps/Our.Umbraco.GMaps.V17.csproj" />
    <Project Path="Our.Umbraco.GMaps.Tests/Our.Umbraco.GMaps.Tests.csproj" />
    <File Path="Our.Umbraco.GMaps/Our.Umbraco.GMaps.props" />
  </Folder>
  <Folder Name="/Solution Items/">
    <File Path=".gitignore" />
    <File Path="LICENSE" />
    <File Path="README.md" />
    <File Path="build.proj" />
    <File Path="build.ps1" />
    <File Path="build.sh" />
  </Folder>
  <Folder Name="/Solution Items/GitHub/">
    <File Path=".github/workflows/build.yml" />
    <File Path=".github/workflows/release.yml" />
  </Folder>
</Solution>
